// !$*UTF8*$!
{
	archiveVersion = 1;
	classes = {
	};
	objectVersion = 77;
	objects = {

/* Begin PBXBuildFile section */
		EDA1A8F3303461370075DC5B /* CombineMoya in Frameworks */ = {isa = PBXBuildFile; productRef = EDA1A8F2303461370075DC5B /* CombineMoya */; };
		EDA1A8F5303461370075DC5B /* Moya in Frameworks */ = {isa = PBXBuildFile; productRef = EDA1A8F4303461370075DC5B /* Moya */; };
		EDA1A8F7303461370075DC5B /* ReactiveMoya in Frameworks */ = {isa = PBXBuildFile; productRef = EDA1A8F6303461370075DC5B /* ReactiveMoya */; };
		EDA1A8F9303461370075DC5B /* RxMoya in Frameworks */ = {isa = PBXBuildFile; productRef = EDA1A8F8303461370075DC5B /* RxMoya */; };
		EDA1A9CC3034B68D0075DC5B /* L10n-swift in Frameworks */ = {isa = PBXBuildFile; productRef = EDA1A9CB3034B68D0075DC5B /* L10n-swift */; };
/* End PBXBuildFile section */

/* Begin PBXContainerItemProxy section */
		DA40BD4D302C9D9A000E4D77 /* PBXContainerItemProxy */ = {
			isa = PBXContainerItemProxy;
			containerPortal = DA40BD33302C9D97000E4D77 /* Project object */;
			proxyType = 1;
			remoteGlobalIDString = DA40BD3A302C9D97000E4D77;
			remoteInfo = "Product Catalog";
		};
		DA40BD57302C9D9A000E4D77 /* PBXContainerItemProxy */ = {
			isa = PBXContainerItemProxy;
			containerPortal = DA40BD33302C9D97000E4D77 /* Project object */;
			proxyType = 1;
			remoteGlobalIDString = DA40BD3A302C9D97000E4D77;
			remoteInfo = "Product Catalog";
		};
/* End PBXContainerItemProxy section */

/* Begin PBXFileReference section */
		DA40BD3B302C9D97000E4D77 /* Product Catalog.app */ = {isa = PBXFileReference; explicitFileType = wrapper.application; includeInIndex = 0; path = "Product Catalog.app"; sourceTree = BUILT_PRODUCTS_DIR; };
		DA40BD4C302C9D9A000E4D77 /* Product CatalogTests.xctest */ = {isa = PBXFileReference; explicitFileType = wrapper.cfbundle; includeInIndex = 0; path = "Product CatalogTests.xctest"; sourceTree = BUILT_PRODUCTS_DIR; };
		DA40BD56302C9D9A000E4D77 /* Product CatalogUITests.xctest */ = {isa = PBXFileReference; explicitFileType = wrapper.cfbundle; includeInIndex = 0; path = "Product CatalogUITests.xctest"; sourceTree = BUILT_PRODUCTS_DIR; };
/* End PBXFileReference section */

/* Begin PBXFileSystemSynchronizedRootGroup section */
		DA40BD3D302C9D97000E4D77 /* Product Catalog */ = {
			isa = PBXFileSystemSynchronizedRootGroup;
			path = "Product Catalog";
			sourceTree = "<group>";
		};
		DA40BD4F302C9D9A000E4D77 /* Product CatalogTests */ = {
			isa = PBXFileSystemSynchronizedRootGroup;
			path = "Product CatalogTests";
			sourceTree = "<group>";
		};
		DA40BD59302C9D9A000E4D77 /* Product CatalogUITests */ = {
			isa = PBXFileSystemSynchronizedRootGroup;
			path = "Product CatalogUITests";
			sourceTree = "<group>";
		};
/* End PBXFileSystemSynchronizedRootGroup section */

/* Begin PBXFrameworksBuildPhase section */
		DA40BD38302C9D97000E4D77 /* Frameworks */ = {
			isa = PBXFrameworksBuildPhase;
			buildActionMask = 2147483647;
			files = (
				EDA1A8F5303461370075DC5B /* Moya in Frameworks */,
				EDA1A8F3303461370075DC5B /* CombineMoya in Frameworks */,
				EDA1A8F9303461370075DC5B /* RxMoya in Frameworks */,
				EDA1A8F7303461370075DC5B /* ReactiveMoya in Frameworks */,
				EDA1A9CC3034B68D0075DC5B /* L10n-swift in Frameworks */,
			);
			runOnlyForDeploymentPostprocessing = 0;
		};
		DA40BD49302C9D9A000E4D77 /* Frameworks */ = {
			isa = PBXFrameworksBuildPhase;
			buildActionMask = 2147483647;
			files = (
			);
			runOnlyForDeploymentPostprocessing = 0;
		};
		DA40BD53302C9D9A000E4D77 /* Frameworks */ = {
			isa = PBXFrameworksBuildPhase;
			buildActionMask = 2147483647;
			files = (
			);
			runOnlyForDeploymentPostprocessing = 0;
		};
/* End PBXFrameworksBuildPhase section */

/* Begin PBXGroup section */
		DA40BD32302C9D97000E4D77 = {
			isa = PBXGroup;
			children = (
				DA40BD3D302C9D97000E4D77 /* Product Catalog */,
				DA40BD4F302C9D9A000E4D77 /* Product CatalogTests */,
				DA40BD59302C9D9A000E4D77 /* Product CatalogUITests */,
				DA40BD3C302C9D97000E4D77 /* Products */,
			);
			sourceTree = "<group>";
		};
		DA40BD3C302C9D97000E4D77 /* Products */ = {
			isa = PBXGroup;
			children = (
				DA40BD3B302C9D97000E4D77 /* Product Catalog.app */,
				DA40BD4C302C9D9A000E4D77 /* Product CatalogTests.xctest */,
				DA40BD56302C9D9A000E4D77 /* Product CatalogUITests.xctest */,
			);
			name = Products;
			sourceTree = "<group>";
		};
/* End PBXGroup section */

/* Begin PBXNativeTarget section */
		DA40BD3A302C9D97000E4D77 /* Product Catalog */ = {
			isa = PBXNativeTarget;
			buildConfigurationList = DA40BD60302C9D9A000E4D77 /* Build configuration list for PBXNativeTarget "Product Catalog" */;
			buildPhases = (
				DA40BD37302C9D97000E4D77 /* Sources */,
				DA40BD38302C9D97000E4D77 /* Frameworks */,
				DA40BD39302C9D97000E4D77 /* Resources */,
			);
			buildRules = (
			);
			dependencies = (
			);
			fileSystemSynchronizedGroups = (
				DA40BD3D302C9D97000E4D77 /* Product Catalog */,
			);
			name = "Product Catalog";
			packageProductDependencies = (
				EDA1A8F2303461370075DC5B /* CombineMoya */,
				EDA1A8F4303461370075DC5B /* Moya */,
				EDA1A8F6303461370075DC5B /* ReactiveMoya */,
				EDA1A8F8303461370075DC5B /* RxMoya */,
				EDA1A9CB3034B68D0075DC5B /* L10n-swift */,
			);
			productName = "Product Catalog";
			productReference = DA40BD3B302C9D97000E4D77 /* Product Catalog.app */;
			productType = "com.apple.product-type.application";
		};
		DA40BD4B302C9D9A000E4D77 /* Product CatalogTests */ = {
			isa = PBXNativeTarget;
			buildConfigurationList = DA40BD63302C9D9A000E4D77 /* Build configuration list for PBXNativeTarget "Product CatalogTests" */;
			buildPhases = (
				DA40BD48302C9D9A000E4D77 /* Sources */,
				DA40BD49302C9D9A000E4D77 /* Frameworks */,
				DA40BD4A302C9D9A000E4D77 /* Resources */,
			);
			buildRules = (
			);
			dependencies = (
				DA40BD4E302C9D9A000E4D77 /* PBXTargetDependency */,
			);
			fileSystemSynchronizedGroups = (
				DA40BD4F302C9D9A000E4D77 /* Product CatalogTests */,
			);
			name = "Product CatalogTests";
			packageProductDependencies = (
			);
			productName = "Product CatalogTests";
			productReference = DA40BD4C302C9D9A000E4D77 /* Product CatalogTests.xctest */;
			productType = "com.apple.product-type.bundle.unit-test";
		};
		DA40BD55302C9D9A000E4D77 /* Product CatalogUITests */ = {
			isa = PBXNativeTarget;
			buildConfigurationList = DA40BD66302C9D9A000E4D77 /* Build configuration list for PBXNativeTarget "Product CatalogUITests" */;
			buildPhases = (
				DA40BD52302C9D9A000E4D77 /* Sources */,
				DA40BD53302C9D9A000E4D77 /* Frameworks */,
				DA40BD54302C9D9A000E4D77 /* Resources */,
			);
			buildRules = (
			);
			dependencies = (
				DA40BD58302C9D9A000E4D77 /* PBXTargetDependency */,
			);
			fileSystemSynchronizedGroups = (
				DA40BD59302C9D9A000E4D77 /* Product CatalogUITests */,
			);
			name = "Product CatalogUITests";
			packageProductDependencies = (
			);
			productName = "Product CatalogUITests";
			productReference = DA40BD56302C9D9A000E4D77 /* Product CatalogUITests.xctest */;
			productType = "com.apple.product-type.bundle.ui-testing";
		};
/* End PBXNativeTarget section */

/* Begin PBXProject section */
		DA40BD33302C9D97000E4D77 /* Project object */ = {
			isa = PBXProject;
			attributes = {
				BuildIndependentTargetsInParallel = 1;
				LastSwiftUpdateCheck = 1620;
				LastUpgradeCheck = 1620;
				TargetAttributes = {
					DA40BD3A302C9D97000E4D77 = {
						CreatedOnToolsVersion = 16.2;
					};
					DA40BD4B302C9D9A000E4D77 = {
						CreatedOnToolsVersion = 16.2;
						TestTargetID = DA40BD3A302C9D97000E4D77;
					};
					DA40BD55302C9D9A000E4D77 = {
						CreatedOnToolsVersion = 16.2;
						TestTargetID = DA40BD3A302C9D97000E4D77;
					};
				};
			};
			buildConfigurationList = DA40BD36302C9D97000E4D77 /* Build configuration list for PBXProject "Product Catalog" */;
			developmentRegion = en;
			hasScannedForEncodings = 0;
			knownRegions = (
				en,
				Base,
				ar,
			);
			mainGroup = DA40BD32302C9D97000E4D77;
			minimizedProjectReferenceProxies = 1;
			packageReferences = (
				EDA1A8B6303443E00075DC5B /* XCRemoteSwiftPackageReference "swift-algorithms" */,
				EDA1A8C230345A1A0075DC5B /* XCRemoteSwiftPackageReference "Moya" */,
				EDA1A9833034B5A20075DC5B /* XCRemoteSwiftPackageReference "L10n-swift" */,
			);
			preferredProjectObjectVersion = 77;
			productRefGroup = DA40BD3C302C9D97000E4D77 /* Products */;
			projectDirPath = "";
			projectRoot = "";
			targets = (
				DA40BD3A302C9D97000E4D77 /* Product Catalog */,
				DA40BD4B302C9D9A000E4D77 /* Product CatalogTests */,
				DA40BD55302C9D9A000E4D77 /* Product CatalogUITests */,
			);
		};
/* End PBXProject section */

/* Begin PBXResourcesBuildPhase section */
		DA40BD39302C9D97000E4D77 /* Resources */ = {
			isa = PBXResourcesBuildPhase;
			buildActionMask = 2147483647;
			files = (
			);
			runOnlyForDeploymentPostprocessing = 0;
		};
		DA40BD4A302C9D9A000E4D77 /* Resources */ = {
			isa = PBXResourcesBuildPhase;
			buildActionMask = 2147483647;
			files = (
			);
			runOnlyForDeploymentPostprocessing = 0;
		};
		DA40BD54302C9D9A000E4D77 /* Resources */ = {
			isa = PBXResourcesBuildPhase;
			buildActionMask = 2147483647;
			files = (
			);
			runOnlyForDeploymentPostprocessing = 0;
		};
/* End PBXResourcesBuildPhase section */

/* Begin PBXSourcesBuildPhase section */
		DA40BD37302C9D97000E4D77 /* Sources */ = {
			isa = PBXSourcesBuildPhase;
			buildActionMask = 2147483647;
			files = (
			);
			runOnlyForDeploymentPostprocessing = 0;
		};
		DA40BD48302C9D9A000E4D77 /* Sources */ = {
			isa = PBXSourcesBuildPhase;
			buildActionMask = 2147483647;
			files = (
			);
			runOnlyForDeploymentPostprocessing = 0;
		};
		DA40BD52302C9D9A000E4D77 /* Sources */ = {
			isa = PBXSourcesBuildPhase;
			buildActionMask = 2147483647;
			files = (
			);
			runOnlyForDeploymentPostprocessing = 0;
		};
/* End PBXSourcesBuildPhase section */

/* Begin PBXTargetDependency section */
		DA40BD4E302C9D9A000E4D77 /* PBXTargetDependency */ = {
			isa = PBXTargetDependency;
			target = DA40BD3A302C9D97000E4D77 /* Product Catalog */;
			targetProxy = DA40BD4D302C9D9A000E4D77 /* PBXContainerItemProxy */;
		};
		DA40BD58302C9D9A000E4D77 /* PBXTargetDependency */ = {
			isa = PBXTargetDependency;
			target = DA40BD3A302C9D97000E4D77 /* Product Catalog */;
			targetProxy = DA40BD57302C9D9A000E4D77 /* PBXContainerItemProxy */;
		};
/* End PBXTargetDependency section */

/* Begin XCBuildConfiguration section */
		DA40BD5E302C9D9A000E4D77 /* Debug */ = {
			isa = XCBuildConfiguration;
			buildSettings = {
				ALWAYS_SEARCH_USER_PATHS = NO;
				ASSETCATALOG_COMPILER_GENERATE_SWIFT_ASSET_SYMBOL_EXTENSIONS = YES;
				CLANG_ANALYZER_NONNULL = YES;
				CLANG_ANALYZER_NUMBER_OBJECT_CONVERSION = YES_AGGRESSIVE;
				CLANG_CXX_LANGUAGE_STANDARD = "gnu++20";
				CLANG_ENABLE_MODULES = YES;
				CLANG_ENABLE_OBJC_ARC = YES;
				CLANG_ENABLE_OBJC_WEAK = YES;
				CLANG_WARN_BLOCK_CAPTURE_AUTORELEASING = YES;
				CLANG_WARN_BOOL_CONVERSION = YES;
				CLANG_WARN_COMMA = YES;
				CLANG_WARN_CONSTANT_CONVERSION = YES;
				CLANG_WARN_DEPRECATED_OBJC_IMPLEMENTATIONS = YES;
				CLANG_WARN_DIRECT_OBJC_ISA_USAGE = YES_ERROR;
				CLANG_WARN_DOCUMENTATION_COMMENTS = YES;
				CLANG_WARN_EMPTY_BODY = YES;
				CLANG_WARN_ENUM_CONVERSION = YES;
				CLANG_WARN_INFINITE_RECURSION = YES;
				CLANG_WARN_INT_CONVERSION = YES;
				CLANG_WARN_NON_LITERAL_NULL_CONVERSION = YES;
				CLANG_WARN_OBJC_IMPLICIT_RETAIN_SELF = YES;
				CLANG_WARN_OBJC_LITERAL_CONVERSION = YES;
				CLANG_WARN_OBJC_ROOT_CLASS = YES_ERROR;
				CLANG_WARN_QUOTED_INCLUDE_IN_FRAMEWORK_HEADER = YES;
				CLANG_WARN_RANGE_LOOP_ANALYSIS = YES;
				CLANG_WARN_STRICT_PROTOTYPES = YES;
				CLANG_WARN_SUSPICIOUS_MOVE = YES;
				CLANG_WARN_UNGUARDED_AVAILABILITY = YES_AGGRESSIVE;
				CLANG_WARN_UNREACHABLE_CODE = YES;
				CLANG_WARN__DUPLICATE_METHOD_MATCH = YES;
				COPY_PHASE_STRIP = NO;
				DEBUG_INFORMATION_FORMAT = dwarf;
				ENABLE_STRICT_OBJC_MSGSEND = YES;
				ENABLE_TESTABILITY = YES;
				ENABLE_USER_SCRIPT_SANDBOXING = YES;
				GCC_C_LANGUAGE_STANDARD = gnu17;
				GCC_DYNAMIC_NO_PIC = NO;
				GCC_NO_COMMON_BLOCKS = YES;
				GCC_OPTIMIZATION_LEVEL = 0;
				GCC_PREPROCESSOR_DEFINITIONS = (
					"DEBUG=1",
					"$(inherited)",
				);
				GCC_WARN_64_TO_32_BIT_CONVERSION = YES;
				GCC_WARN_ABOUT_RETURN_TYPE = YES_ERROR;
				GCC_WARN_UNDECLARED_SELECTOR = YES;
				GCC_WARN_UNINITIALIZED_AUTOS = YES_AGGRESSIVE;
				GCC_WARN_UNUSED_FUNCTION = YES;
				GCC_WARN_UNUSED_VARIABLE = YES;
				LOCALIZATION_PREFERS_STRING_CATALOGS = YES;
				MTL_ENABLE_DEBUG_INFO = INCLUDE_SOURCE;
				MTL_FAST_MATH = YES;
				ONLY_ACTIVE_ARCH = YES;
				SWIFT_ACTIVE_COMPILATION_CONDITIONS = "DEBUG $(inherited)";
				SWIFT_EMIT_LOC_STRINGS = YES;
				SWIFT_OPTIMIZATION_LEVEL = "-Onone";
			};
			name = Debug;
		};
		DA40BD5F302C9D9A000E4D77 /* Release */ = {
			isa = XCBuildConfiguration;
			buildSettings = {
				ALWAYS_SEARCH_USER_PATHS = NO;
				ASSETCATALOG_COMPILER_GENERATE_SWIFT_ASSET_SYMBOL_EXTENSIONS = YES;
				CLANG_ANALYZER_NONNULL = YES;
				CLANG_ANALYZER_NUMBER_OBJECT_CONVERSION = YES_AGGRESSIVE;
				CLANG_CXX_LANGUAGE_STANDARD = "gnu++20";
				CLANG_ENABLE_MODULES = YES;
				CLANG_ENABLE_OBJC_ARC = YES;
				CLANG_ENABLE_OBJC_WEAK = YES;
				CLANG_WARN_BLOCK_CAPTURE_AUTORELEASING = YES;
				CLANG_WARN_BOOL_CONVERSION = YES;
				CLANG_WARN_COMMA = YES;
				CLANG_WARN_CONSTANT_CONVERSION = YES;
				CLANG_WARN_DEPRECATED_OBJC_IMPLEMENTATIONS = YES;
				CLANG_WARN_DIRECT_OBJC_ISA_USAGE = YES_ERROR;
				CLANG_WARN_DOCUMENTATION_COMMENTS = YES;
				CLANG_WARN_EMPTY_BODY = YES;
				CLANG_WARN_ENUM_CONVERSION = YES;
				CLANG_WARN_INFINITE_RECURSION = YES;
				CLANG_WARN_INT_CONVERSION = YES;
				CLANG_WARN_NON_LITERAL_NULL_CONVERSION = YES;
				CLANG_WARN_OBJC_IMPLICIT_RETAIN_SELF = YES;
				CLANG_WARN_OBJC_LITERAL_CONVERSION = YES;
				CLANG_WARN_OBJC_ROOT_CLASS = YES_ERROR;
				CLANG_WARN_QUOTED_INCLUDE_IN_FRAMEWORK_HEADER = YES;
				CLANG_WARN_RANGE_LOOP_ANALYSIS = YES;
				CLANG_WARN_STRICT_PROTOTYPES = YES;
				CLANG_WARN_SUSPICIOUS_MOVE = YES;
				CLANG_WARN_UNGUARDED_AVAILABILITY = YES_AGGRESSIVE;
				CLANG_WARN_UNREACHABLE_CODE = YES;
				CLANG_WARN__DUPLICATE_METHOD_MATCH = YES;
				COPY_PHASE_STRIP = NO;
				DEBUG_INFORMATION_FORMAT = "dwarf-with-dsym";
				ENABLE_NS_ASSERTIONS = NO;
				ENABLE_STRICT_OBJC_MSGSEND = YES;
				ENABLE_USER_SCRIPT_SANDBOXING = YES;
				GCC_C_LANGUAGE_STANDARD = gnu17;
				GCC_NO_COMMON_BLOCKS = YES;
				GCC_WARN_64_TO_32_BIT_CONVERSION = YES;
				GCC_WARN_ABOUT_RETURN_TYPE = YES_ERROR;
				GCC_WARN_UNDECLARED_SELECTOR = YES;
				GCC_WARN_UNINITIALIZED_AUTOS = YES_AGGRESSIVE;
				GCC_WARN_UNUSED_FUNCTION = YES;
				GCC_WARN_UNUSED_VARIABLE = YES;
				LOCALIZATION_PREFERS_STRING_CATALOGS = YES;
				MTL_ENABLE_DEBUG_INFO = NO;
				MTL_FAST_MATH = YES;
				SWIFT_COMPILATION_MODE = wholemodule;
				SWIFT_EMIT_LOC_STRINGS = YES;
			};
			name = Release;
		};
		DA40BD61302C9D9A000E4D77 /* Debug */ = {
			isa = XCBuildConfiguration;
			buildSettings = {
				ASSETCATALOG_COMPILER_APPICON_NAME = AppIcon;
				ASSETCATALOG_COMPILER_GLOBAL_ACCENT_COLOR_NAME = AccentColor;
				CODE_SIGN_ENTITLEMENTS = "Product Catalog/Product_Catalog.entitlements";
				CODE_SIGN_STYLE = Automatic;
				CURRENT_PROJECT_VERSION = 1;
				DEVELOPMENT_ASSET_PATHS = "\"Product Catalog/Preview Content\"";
				DEVELOPMENT_TEAM = M6RQ7W5GA6;
				ENABLE_PREVIEWS = YES;
				GENERATE_INFOPLIST_FILE = YES;
				"INFOPLIST_KEY_UIApplicationSceneManifest_Generation[sdk=iphoneos*]" = YES;
				"INFOPLIST_KEY_UIApplicationSceneManifest_Generation[sdk=iphonesimulator*]" = YES;
				"INFOPLIST_KEY_UIApplicationSupportsIndirectInputEvents[sdk=iphoneos*]" = YES;
				"INFOPLIST_KEY_UIApplicationSupportsIndirectInputEvents[sdk=iphonesimulator*]" = YES;
				"INFOPLIST_KEY_UILaunchScreen_Generation[sdk=iphoneos*]" = YES;
				"INFOPLIST_KEY_UILaunchScreen_Generation[sdk=iphonesimulator*]" = YES;
				"INFOPLIST_KEY_UIStatusBarStyle[sdk=iphoneos*]" = UIStatusBarStyleDefault;
				"INFOPLIST_KEY_UIStatusBarStyle[sdk=iphonesimulator*]" = UIStatusBarStyleDefault;
				INFOPLIST_KEY_UISupportedInterfaceOrientations_iPad = "UIInterfaceOrientationPortrait UIInterfaceOrientationPortraitUpsideDown UIInterfaceOrientationLandscapeLeft UIInterfaceOrientationLandscapeRight";
				INFOPLIST_KEY_UISupportedInterfaceOrientations_iPhone = "UIInterfaceOrientationPortrait UIInterfaceOrientationLandscapeLeft UIInterfaceOrientationLandscapeRight";
				IPHONEOS_DEPLOYMENT_TARGET = 18.2;
				LD_RUNPATH_SEARCH_PATHS = "@executable_path/Frameworks";
				"LD_RUNPATH_SEARCH_PATHS[sdk=macosx*]" = "@executable_path/../Frameworks";
				MACOSX_DEPLOYMENT_TARGET = 14.6;
				MARKETING_VERSION = 1.0;
				PRODUCT_BUNDLE_IDENTIFIER = "koinz.Product-Catalog";
				PRODUCT_NAME = "$(TARGET_NAME)";
				SDKROOT = auto;
				SUPPORTED_PLATFORMS = "iphoneos iphonesimulator macosx xros xrsimulator";
				SWIFT_EMIT_LOC_STRINGS = YES;
				SWIFT_VERSION = 5.0;
				TARGETED_DEVICE_FAMILY = "1,2,7";
				XROS_DEPLOYMENT_TARGET = 2.2;
			};
			name = Debug;
		};
		DA40BD62302C9D9A000E4D77 /* Release */ = {
			isa = XCBuildConfiguration;
			buildSettings = {
				ASSETCATALOG_COMPILER_APPICON_NAME = AppIcon;
				ASSETCATALOG_COMPILER_GLOBAL_ACCENT_COLOR_NAME = AccentColor;
				CODE_SIGN_ENTITLEMENTS = "Product Catalog/Product_Catalog.entitlements";
				CODE_SIGN_STYLE = Automatic;
				CURRENT_PROJECT_VERSION = 1;
				DEVELOPMENT_ASSET_PATHS = "\"Product Catalog/Preview Content\"";
				DEVELOPMENT_TEAM = M6RQ7W5GA6;
				ENABLE_PREVIEWS = YES;
				GENERATE_INFOPLIST_FILE = YES;
				"INFOPLIST_KEY_UIApplicationSceneManifest_Generation[sdk=iphoneos*]" = YES;
				"INFOPLIST_KEY_UIApplicationSceneManifest_Generation[sdk=iphonesimulator*]" = YES;
				"INFOPLIST_KEY_UIApplicationSupportsIndirectInputEvents[sdk=iphoneos*]" = YES;
				"INFOPLIST_KEY_UIApplicationSupportsIndirectInputEvents[sdk=iphonesimulator*]" = YES;
				"INFOPLIST_KEY_UILaunchScreen_Generation[sdk=iphoneos*]" = YES;
				"INFOPLIST_KEY_UILaunchScreen_Generation[sdk=iphonesimulator*]" = YES;
				"INFOPLIST_KEY_UIStatusBarStyle[sdk=iphoneos*]" = UIStatusBarStyleDefault;
				"INFOPLIST_KEY_UIStatusBarStyle[sdk=iphonesimulator*]" = UIStatusBarStyleDefault;
				INFOPLIST_KEY_UISupportedInterfaceOrientations_iPad = "UIInterfaceOrientationPortrait UIInterfaceOrientationPortraitUpsideDown UIInterfaceOrientationLandscapeLeft UIInterfaceOrientationLandscapeRight";
				INFOPLIST_KEY_UISupportedInterfaceOrientations_iPhone = "UIInterfaceOrientationPortrait UIInterfaceOrientationLandscapeLeft UIInterfaceOrientationLandscapeRight";
				IPHONEOS_DEPLOYMENT_TARGET = 18.2;
				LD_RUNPATH_SEARCH_PATHS = "@executable_path/Frameworks";
				"LD_RUNPATH_SEARCH_PATHS[sdk=macosx*]" = "@executable_path/../Frameworks";
				MACOSX_DEPLOYMENT_TARGET = 14.6;
				MARKETING_VERSION = 1.0;
				PRODUCT_BUNDLE_IDENTIFIER = "koinz.Product-Catalog";
				PRODUCT_NAME = "$(TARGET_NAME)";
				SDKROOT = auto;
				SUPPORTED_PLATFORMS = "iphoneos iphonesimulator macosx xros xrsimulator";
				SWIFT_EMIT_LOC_STRINGS = YES;
				SWIFT_VERSION = 5.0;
				TARGETED_DEVICE_FAMILY = "1,2,7";
				XROS_DEPLOYMENT_TARGET = 2.2;
			};
			name = Release;
		};
		DA40BD64302C9D9A000E4D77 /* Debug */ = {
			isa = XCBuildConfiguration;
			buildSettings = {
				BUNDLE_LOADER = "$(TEST_HOST)";
				CODE_SIGN_STYLE = Automatic;
				CURRENT_PROJECT_VERSION = 1;
				GENERATE_INFOPLIST_FILE = YES;
				IPHONEOS_DEPLOYMENT_TARGET = 18.2;
				MACOSX_DEPLOYMENT_TARGET = 14.6;
				MARKETING_VERSION = 1.0;
				PRODUCT_BUNDLE_IDENTIFIER = "koinz.Product-CatalogTests";
				PRODUCT_NAME = "$(TARGET_NAME)";
				SDKROOT = auto;
				SUPPORTED_PLATFORMS = "iphoneos iphonesimulator macosx xros xrsimulator";
				SWIFT_EMIT_LOC_STRINGS = NO;
				SWIFT_VERSION = 5.0;
				TARGETED_DEVICE_FAMILY = "1,2,7";
				TEST_HOST = "$(BUILT_PRODUCTS_DIR)/Product Catalog.app/$(BUNDLE_EXECUTABLE_FOLDER_PATH)/Product Catalog";
				XROS_DEPLOYMENT_TARGET = 2.2;
			};
			name = Debug;
		};
		DA40BD65302C9D9A000E4D77 /* Release */ = {
			isa = XCBuildConfiguration;
			buildSettings = {
				BUNDLE_LOADER = "$(TEST_HOST)";
				CODE_SIGN_STYLE = Automatic;
				CURRENT_PROJECT_VERSION = 1;
				GENERATE_INFOPLIST_FILE = YES;
				IPHONEOS_DEPLOYMENT_TARGET = 18.2;
				MACOSX_DEPLOYMENT_TARGET = 14.6;
				MARKETING_VERSION = 1.0;
				PRODUCT_BUNDLE_IDENTIFIER = "koinz.Product-CatalogTests";
				PRODUCT_NAME = "$(TARGET_NAME)";
				SDKROOT = auto;
				SUPPORTED_PLATFORMS = "iphoneos iphonesimulator macosx xros xrsimulator";
				SWIFT_EMIT_LOC_STRINGS = NO;
				SWIFT_VERSION = 5.0;
				TARGETED_DEVICE_FAMILY = "1,2,7";
				TEST_HOST = "$(BUILT_PRODUCTS_DIR)/Product Catalog.app/$(BUNDLE_EXECUTABLE_FOLDER_PATH)/Product Catalog";
				XROS_DEPLOYMENT_TARGET = 2.2;
			};
			name = Release;
		};
		DA40BD67302C9D9A000E4D77 /* Debug */ = {
			isa = XCBuildConfiguration;
			buildSettings = {
				CODE_SIGN_STYLE = Automatic;
				CURRENT_PROJECT_VERSION = 1;
				GENERATE_INFOPLIST_FILE = YES;
				IPHONEOS_DEPLOYMENT_TARGET = 18.2;
				MACOSX_DEPLOYMENT_TARGET = 14.6;
				MARKETING_VERSION = 1.0;
				PRODUCT_BUNDLE_IDENTIFIER = "koinz.Product-CatalogUITests";
				PRODUCT_NAME = "$(TARGET_NAME)";
				SDKROOT = auto;
				SUPPORTED_PLATFORMS = "iphoneos iphonesimulator macosx xros xrsimulator";
				SWIFT_EMIT_LOC_STRINGS = NO;
				SWIFT_VERSION = 5.0;
				TARGETED_DEVICE_FAMILY = "1,2,7";
				TEST_TARGET_NAME = "Product Catalog";
				XROS_DEPLOYMENT_TARGET = 2.2;
			};
			name = Debug;
		};
		DA40BD68302C9D9A000E4D77 /* Release */ = {
			isa = XCBuildConfiguration;
			buildSettings = {
				CODE_SIGN_STYLE = Automatic;
				CURRENT_PROJECT_VERSION = 1;
				GENERATE_INFOPLIST_FILE = YES;
				IPHONEOS_DEPLOYMENT_TARGET = 18.2;
				MACOSX_DEPLOYMENT_TARGET = 14.6;
				MARKETING_VERSION = 1.0;
				PRODUCT_BUNDLE_IDENTIFIER = "koinz.Product-CatalogUITests";
				PRODUCT_NAME = "$(TARGET_NAME)";
				SDKROOT = auto;
				SUPPORTED_PLATFORMS = "iphoneos iphonesimulator macosx xros xrsimulator";
				SWIFT_EMIT_LOC_STRINGS = NO;
				SWIFT_VERSION = 5.0;
				TARGETED_DEVICE_FAMILY = "1,2,7";
				TEST_TARGET_NAME = "Product Catalog";
				XROS_DEPLOYMENT_TARGET = 2.2;
			};
			name = Release;
		};
/* End XCBuildConfiguration section */

/* Begin XCConfigurationList section */
		DA40BD36302C9D97000E4D77 /* Build configuration list for PBXProject "Product Catalog" */ = {
			isa = XCConfigurationList;
			buildConfigurations = (
				DA40BD5E302C9D9A000E4D77 /* Debug */,
				DA40BD5F302C9D9A000E4D77 /* Release */,
			);
			defaultConfigurationIsVisible = 0;
			defaultConfigurationName = Release;
		};
		DA40BD60302C9D9A000E4D77 /* Build configuration list for PBXNativeTarget "Product Catalog" */ = {
			isa = XCConfigurationList;
			buildConfigurations = (
				DA40BD61302C9D9A000E4D77 /* Debug */,
				DA40BD62302C9D9A000E4D77 /* Release */,
			);
			defaultConfigurationIsVisible = 0;
			defaultConfigurationName = Release;
		};
		DA40BD63302C9D9A000E4D77 /* Build configuration list for PBXNativeTarget "Product CatalogTests" */ = {
			isa = XCConfigurationList;
			buildConfigurations = (
				DA40BD64302C9D9A000E4D77 /* Debug */,
				DA40BD65302C9D9A000E4D77 /* Release */,
			);
			defaultConfigurationIsVisible = 0;
			defaultConfigurationName = Release;
		};
		DA40BD66302C9D9A000E4D77 /* Build configuration list for PBXNativeTarget "Product CatalogUITests" */ = {
			isa = XCConfigurationList;
			buildConfigurations = (
				DA40BD67302C9D9A000E4D77 /* Debug */,
				DA40BD68302C9D9A000E4D77 /* Release */,
			);
			defaultConfigurationIsVisible = 0;
			defaultConfigurationName = Release;
		};
/* End XCConfigurationList section */

/* Begin XCRemoteSwiftPackageReference section */
		EDA1A8B6303443E00075DC5B /* XCRemoteSwiftPackageReference "swift-algorithms" */ = {
			isa = XCRemoteSwiftPackageReference;
			repositoryURL = "https://github.com/apple/swift-algorithms.git";
			requirement = {
				kind = upToNextMajorVersion;
				minimumVersion = 1.2.1;
			};
		};
		EDA1A8C230345A1A0075DC5B /* XCRemoteSwiftPackageReference "Moya" */ = {
			isa = XCRemoteSwiftPackageReference;
			repositoryURL = "https://github.com/Moya/Moya.git";
			requirement = {
				kind = upToNextMajorVersion;
				minimumVersion = 15.0.3;
			};
		};
		EDA1A9833034B5A20075DC5B /* XCRemoteSwiftPackageReference "L10n-swift" */ = {
			isa = XCRemoteSwiftPackageReference;
			repositoryURL = "https://github.com/Decybel07/L10n-swift";
			requirement = {
				kind = upToNextMajorVersion;
				minimumVersion = 5.10.3;
			};
		};
/* End XCRemoteSwiftPackageReference section */

/* Begin XCSwiftPackageProductDependency section */
		EDA1A8F2303461370075DC5B /* CombineMoya */ = {
			isa = XCSwiftPackageProductDependency;
			package = EDA1A8C230345A1A0075DC5B /* XCRemoteSwiftPackageReference "Moya" */;
			productName = CombineMoya;
		};
		EDA1A8F4303461370075DC5B /* Moya */ = {
			isa = XCSwiftPackageProductDependency;
			package = EDA1A8C230345A1A0075DC5B /* XCRemoteSwiftPackageReference "Moya" */;
			productName = Moya;
		};
		EDA1A8F6303461370075DC5B /* ReactiveMoya */ = {
			isa = XCSwiftPackageProductDependency;
			package = EDA1A8C230345A1A0075DC5B /* XCRemoteSwiftPackageReference "Moya" */;
			productName = ReactiveMoya;
		};
		EDA1A8F8303461370075DC5B /* RxMoya */ = {
			isa = XCSwiftPackageProductDependency;
			package = EDA1A8C230345A1A0075DC5B /* XCRemoteSwiftPackageReference "Moya" */;
			productName = RxMoya;
		};
		EDA1A9CB3034B68D0075DC5B /* L10n-swift */ = {
			isa = XCSwiftPackageProductDependency;
			package = EDA1A9833034B5A20075DC5B /* XCRemoteSwiftPackageReference "L10n-swift" */;
			productName = "L10n-swift";
		};
/* End XCSwiftPackageProductDependency section */
	};
	rootObject = DA40BD33302C9D97000E4D77 /* Project object */;
}
